
Microsoft Visual Studio Solution File, Format Version 11.00
# Visual Studio 2010
Project("{FAE04EC0-301F-11D3-BF4B-00C04F79EFBC}") = "QueryInterpreter", "QueryInterpreter\QueryInterpreter.csproj", "{53D29AC0-DE3E-4594-8B90-3BE047875EF3}"
EndProject
Project("{FAE04EC0-301F-11D3-BF4B-00C04F79EFBC}") = "QueryInterpreter.Tests", "QueryInterpreter.Tests\QueryInterpreter.Tests.csproj", "{A9E9575A-7415-47DB-A5E1-6010E19F5F9E}"
EndProject
Global
	GlobalSection(SolutionConfigurationPlatforms) = preSolution
		Debug|Any CPU = Debug|Any CPU
		Release|Any CPU = Release|Any CPU
	EndGlobalSection
	GlobalSection(ProjectConfigurationPlatforms) = postSolution
		{53D29AC0-DE3E-4594-8B90-3BE047875EF3}.Debug|Any CPU.ActiveCfg = Debug|Any CPU
		{53D29AC0-DE3E-4594-8B90-3BE047875EF3}.Debug|Any CPU.Build.0 = Debug|Any CPU
		{53D29AC0-DE3E-4594-8B90-3BE047875EF3}.Release|Any CPU.ActiveCfg = Release|Any CPU
		{53D29AC0-DE3E-4594-8B90-3BE047875EF3}.Release|Any CPU.Build.0 = Release|Any CPU
		{A9E9575A-7415-47DB-A5E1-6010E19F5F9E}.Debug|Any CPU.ActiveCfg = Debug|Any CPU
		{A9E9575A-7415-47DB-A5E1-6010E19F5F9E}.Debug|Any CPU.Build.0 = Debug|Any CPU
		{A9E9575A-7415-47DB-A5E1-6010E19F5F9E}.Release|Any CPU.ActiveCfg = Release|Any CPU
		{A9E9575A-7415-47DB-A5E1-6010E19F5F9E}.Release|Any CPU.Build.0 = Release|Any CPU
	EndGlobalSection
	GlobalSection(MonoDevelopProperties) = preSolution
		StartupItem = QueryInterpreter\QueryInterpreter.csproj
		Policies = $0
		$0.TextStylePolicy = $1
		$1.inheritsSet = null
		$1.scope = text/x-csharp
		$0.CSharpFormattingPolicy = $2
		$2.inheritsSet = Mono
		$2.inheritsScope = text/x-csharp
		$2.scope = text/x-csharp
		$0.TextStylePolicy = $3
		$3.FileWidth = 120
		$3.TabsToSpaces = False
		$3.EolMarker = Unix
		$3.inheritsSet = VisualStudio
		$3.inheritsScope = text/plain
		$3.scope = text/plain
		$0.TextStylePolicy = $4
		$4.inheritsSet = null
		$4.scope = application/config+xml
		$0.XmlFormattingPolicy = $5
		$5.inheritsSet = null
		$5.scope = application/config+xml
	EndGlobalSection
EndGlobal
